
Microsoft Visual Studio Solution File, Format Version 12.00
# Visual Studio Version 17
VisualStudioVersion = 17.1.32210.238
MinimumVisualStudioVersion = 10.0.40219.1
Project("{9A19103F-16F7-4668-BE54-9A1E7A4F7556}") = "Playground", "Playground.csproj", "{C6505D1A-1972-4BB6-8C54-1662856D11CB}"
EndProject
Project("{9A19103F-16F7-4668-BE54-9A1E7A4F7556}") = "WpfApp1", "..\WpfApp1\WpfApp1.csproj", "{323A1AC0-0E2E-4311-9483-BD79378D651B}"
EndProject
Project("{FAE04EC0-301F-11D3-BF4B-00C04F79EFBC}") = "WebAPI", "..\WebAPI\WebAPI.csproj", "{D0A8ED69-6AC6-4982-B5E0-5334C496DC87}"
EndProject
Project("{FAE04EC0-301F-11D3-BF4B-00C04F79EFBC}") = "MVCApp", "..\MVCApp\MVCApp.csproj", "{A2C24F26-0B20-4A22-A1E6-69AC3297365A}"
EndProject
Project("{FAE04EC0-301F-11D3-BF4B-00C04F79EFBC}") = "Tests", "..\Tests\Tests.csproj", "{98862A78-B2CB-41A0-A08B-96ECB3AA09EB}"
EndProject
Global
	GlobalSection(SolutionConfigurationPlatforms) = preSolution
		Debug|Any CPU = Debug|Any CPU
		Release|Any CPU = Release|Any CPU
	EndGlobalSection
	GlobalSection(ProjectConfigurationPlatforms) = postSolution
		{C6505D1A-1972-4BB6-8C54-1662856D11CB}.Debug|Any CPU.ActiveCfg = Debug|Any CPU
		{C6505D1A-1972-4BB6-8C54-1662856D11CB}.Debug|Any CPU.Build.0 = Debug|Any CPU
		{C6505D1A-1972-4BB6-8C54-1662856D11CB}.Release|Any CPU.ActiveCfg = Release|Any CPU
		{C6505D1A-1972-4BB6-8C54-1662856D11CB}.Release|Any CPU.Build.0 = Release|Any CPU
		{323A1AC0-0E2E-4311-9483-BD79378D651B}.Debug|Any CPU.ActiveCfg = Debug|Any CPU
		{323A1AC0-0E2E-4311-9483-BD79378D651B}.Debug|Any CPU.Build.0 = Debug|Any CPU
		{323A1AC0-0E2E-4311-9483-BD79378D651B}.Release|Any CPU.ActiveCfg = Release|Any CPU
		{323A1AC0-0E2E-4311-9483-BD79378D651B}.Release|Any CPU.Build.0 = Release|Any CPU
		{D0A8ED69-6AC6-4982-B5E0-5334C496DC87}.Debug|Any CPU.ActiveCfg = Debug|Any CPU
		{D0A8ED69-6AC6-4982-B5E0-5334C496DC87}.Debug|Any CPU.Build.0 = Debug|Any CPU
		{D0A8ED69-6AC6-4982-B5E0-5334C496DC87}.Release|Any CPU.ActiveCfg = Release|Any CPU
		{D0A8ED69-6AC6-4982-B5E0-5334C496DC87}.Release|Any CPU.Build.0 = Release|Any CPU
		{A2C24F26-0B20-4A22-A1E6-69AC3297365A}.Debug|Any CPU.ActiveCfg = Debug|Any CPU
		{A2C24F26-0B20-4A22-A1E6-69AC3297365A}.Debug|Any CPU.Build.0 = Debug|Any CPU
		{A2C24F26-0B20-4A22-A1E6-69AC3297365A}.Release|Any CPU.ActiveCfg = Release|Any CPU
		{A2C24F26-0B20-4A22-A1E6-69AC3297365A}.Release|Any CPU.Build.0 = Release|Any CPU
		{98862A78-B2CB-41A0-A08B-96ECB3AA09EB}.Debug|Any CPU.ActiveCfg = Debug|Any CPU
		{98862A78-B2CB-41A0-A08B-96ECB3AA09EB}.Debug|Any CPU.Build.0 = Debug|Any CPU
		{98862A78-B2CB-41A0-A08B-96ECB3AA09EB}.Release|Any CPU.ActiveCfg = Release|Any CPU
		{98862A78-B2CB-41A0-A08B-96ECB3AA09EB}.Release|Any CPU.Build.0 = Release|Any CPU
	EndGlobalSection
	GlobalSection(SolutionProperties) = preSolution
		HideSolutionNode = FALSE
	EndGlobalSection
	GlobalSection(ExtensibilityGlobals) = postSolution
		SolutionGuid = {C642357F-168F-4BA5-8624-E1EDADAAA573}
	EndGlobalSection
EndGlobal
